// !$*UTF8*$!
{
	archiveVersion = 1;
	classes = {
	};
	objectVersion = 56;
	objects = {

/* Begin PBXBuildFile section */
		4B3733E92AD458B30025EE66 /* AppDelegate.swift in Sources */ = {isa = PBXBuildFile; fileRef = 4B3733E82AD458B30025EE66 /* AppDelegate.swift */; };
		4B3733EB2AD458B30025EE66 /* SceneDelegate.swift in Sources */ = {isa = PBXBuildFile; fileRef = 4B3733EA2AD458B30025EE66 /* SceneDelegate.swift */; };
		4B3733ED2AD458B30025EE66 /* ViewController.swift in Sources */ = {isa = PBXBuildFile; fileRef = 4B3733EC2AD458B30025EE66 /* ViewController.swift */; };
		4B3733F02AD458B30025EE66 /* Main.storyboard in Resources */ = {isa = PBXBuildFile; fileRef = 4B3733EE2AD458B30025EE66 /* Main.storyboard */; };
		4B3733F22AD458B50025EE66 /* Assets.xcassets in Resources */ = {isa = PBXBuildFile; fileRef = 4B3733F12AD458B50025EE66 /* Assets.xcassets */; };
		4B3733F52AD458B50025EE66 /* LaunchScreen.storyboard in Resources */ = {isa = PBXBuildFile; fileRef = 4B3733F32AD458B50025EE66 /* LaunchScreen.storyboard */; };
		4B3734002AD458B50025EE66 /* alfaios_lecTests.swift in Sources */ = {isa = PBXBuildFile; fileRef = 4B3733FF2AD458B50025EE66 /* alfaios_lecTests.swift */; };
		4B37340A2AD458B50025EE66 /* alfaios_lecUITests.swift in Sources */ = {isa = PBXBuildFile; fileRef = 4B3734092AD458B50025EE66 /* alfaios_lecUITests.swift */; };
		4B37340C2AD458B50025EE66 /* alfaios_lecUITestsLaunchTests.swift in Sources */ = {isa = PBXBuildFile; fileRef = 4B37340B2AD458B50025EE66 /* alfaios_lecUITestsLaunchTests.swift */; };
/* End PBXBuildFile section */

/* Begin PBXContainerItemProxy section */
		4B3733FC2AD458B50025EE66 /* PBXContainerItemProxy */ = {
			isa = PBXContainerItemProxy;
			containerPortal = 4B3733DD2AD458B30025EE66 /* Project object */;
			proxyType = 1;
			remoteGlobalIDString = 4B3733E42AD458B30025EE66;
			remoteInfo = alfaios_lec;
		};
		4B3734062AD458B50025EE66 /* PBXContainerItemProxy */ = {
			isa = PBXContainerItemProxy;
			containerPortal = 4B3733DD2AD458B30025EE66 /* Project object */;
			proxyType = 1;
			remoteGlobalIDString = 4B3733E42AD458B30025EE66;
			remoteInfo = alfaios_lec;
		};
/* End PBXContainerItemProxy section */

/* Begin PBXFileReference section */
		4B3733E52AD458B30025EE66 /* alfaios_lec.app */ = {isa = PBXFileReference; explicitFileType = wrapper.application; includeInIndex = 0; path = alfaios_lec.app; sourceTree = BUILT_PRODUCTS_DIR; };
		4B3733E82AD458B30025EE66 /* AppDelegate.swift */ = {isa = PBXFileReference; lastKnownFileType = sourcecode.swift; path = AppDelegate.swift; sourceTree = "<group>"; };
		4B3733EA2AD458B30025EE66 /* SceneDelegate.swift */ = {isa = PBXFileReference; lastKnownFileType = sourcecode.swift; path = SceneDelegate.swift; sourceTree = "<group>"; };
		4B3733EC2AD458B30025EE66 /* ViewController.swift */ = {isa = PBXFileReference; lastKnownFileType = sourcecode.swift; path = ViewController.swift; sourceTree = "<group>"; };
		4B3733EF2AD458B30025EE66 /* Base */ = {isa = PBXFileReference; lastKnownFileType = file.storyboard; name = Base; path = Base.lproj/Main.storyboard; sourceTree = "<group>"; };
		4B3733F12AD458B50025EE66 /* Assets.xcassets */ = {isa = PBXFileReference; lastKnownFileType = folder.assetcatalog; path = Assets.xcassets; sourceTree = "<group>"; };
		4B3733F42AD458B50025EE66 /* Base */ = {isa = PBXFileReference; lastKnownFileType = file.storyboard; name = Base; path = Base.lproj/LaunchScreen.storyboard; sourceTree = "<group>"; };
		4B3733F62AD458B50025EE66 /* Info.plist */ = {isa = PBXFileReference; lastKnownFileType = text.plist.xml; path = Info.plist; sourceTree = "<group>"; };
		4B3733FB2AD458B50025EE66 /* alfaios_lecTests.xctest */ = {isa = PBXFileReference; explicitFileType = wrapper.cfbundle; includeInIndex = 0; path = alfaios_lecTests.xctest; sourceTree = BUILT_PRODUCTS_DIR; };
		4B3733FF2AD458B50025EE66 /* alfaios_lecTests.swift */ = {isa = PBXFileReference; lastKnownFileType = sourcecode.swift; path = alfaios_lecTests.swift; sourceTree = "<group>"; };
		4B3734052AD458B50025EE66 /* alfaios_lecUITests.xctest */ = {isa = PBXFileReference; explicitFileType = wrapper.cfbundle; includeInIndex = 0; path = alfaios_lecUITests.xctest; sourceTree = BUILT_PRODUCTS_DIR; };
		4B3734092AD458B50025EE66 /* alfaios_lecUITests.swift */ = {isa = PBXFileReference; lastKnownFileType = sourcecode.swift; path = alfaios_lecUITests.swift; sourceTree = "<group>"; };
		4B37340B2AD458B50025EE66 /* alfaios_lecUITestsLaunchTests.swift */ = {isa = PBXFileReference; lastKnownFileType = sourcecode.swift; path = alfaios_lecUITestsLaunchTests.swift; sourceTree = "<group>"; };
/* End PBXFileReference section */

/* Begin PBXFrameworksBuildPhase section */
		4B3733E22AD458B30025EE66 /* Frameworks */ = {
			isa = PBXFrameworksBuildPhase;
			buildActionMask = 2147483647;
			files = (
			);
			runOnlyForDeploymentPostprocessing = 0;
		};
		4B3733F82AD458B50025EE66 /* Frameworks */ = {
			isa = PBXFrameworksBuildPhase;
			buildActionMask = 2147483647;
			files = (
			);
			runOnlyForDeploymentPostprocessing = 0;
		};
		4B3734022AD458B50025EE66 /* Frameworks */ = {
			isa = PBXFrameworksBuildPhase;
			buildActionMask = 2147483647;
			files = (
			);
			runOnlyForDeploymentPostprocessing = 0;
		};
/* End PBXFrameworksBuildPhase section */

/* Begin PBXGroup section */
		4B3733DC2AD458B30025EE66 = {
			isa = PBXGroup;
			children = (
				4B3733E72AD458B30025EE66 /* alfaios_lec */,
				4B3733FE2AD458B50025EE66 /* alfaios_lecTests */,
				4B3734082AD458B50025EE66 /* alfaios_lecUITests */,
				4B3733E62AD458B30025EE66 /* Products */,
			);
			sourceTree = "<group>";
		};
		4B3733E62AD458B30025EE66 /* Products */ = {
			isa = PBXGroup;
			children = (
				4B3733E52AD458B30025EE66 /* alfaios_lec.app */,
				4B3733FB2AD458B50025EE66 /* alfaios_lecTests.xctest */,
				4B3734052AD458B50025EE66 /* alfaios_lecUITests.xctest */,
			);
			name = Products;
			sourceTree = "<group>";
		};
		4B3733E72AD458B30025EE66 /* alfaios_lec */ = {
			isa = PBXGroup;
			children = (
				4B3733E82AD458B30025EE66 /* AppDelegate.swift */,
				4B3733EA2AD458B30025EE66 /* SceneDelegate.swift */,
				4B3733EC2AD458B30025EE66 /* ViewController.swift */,
				4B3733EE2AD458B30025EE66 /* Main.storyboard */,
				4B3733F12AD458B50025EE66 /* Assets.xcassets */,
				4B3733F32AD458B50025EE66 /* LaunchScreen.storyboard */,
				4B3733F62AD458B50025EE66 /* Info.plist */,
			);
			path = alfaios_lec;
			sourceTree = "<group>";
		};
		4B3733FE2AD458B50025EE66 /* alfaios_lecTests */ = {
			isa = PBXGroup;
			children = (
				4B3733FF2AD458B50025EE66 /* alfaios_lecTests.swift */,
			);
			path = alfaios_lecTests;
			sourceTree = "<group>";
		};
		4B3734082AD458B50025EE66 /* alfaios_lecUITests */ = {
			isa = PBXGroup;
			children = (
				4B3734092AD458B50025EE66 /* alfaios_lecUITests.swift */,
				4B37340B2AD458B50025EE66 /* alfaios_lecUITestsLaunchTests.swift */,
			);
			path = alfaios_lecUITests;
			sourceTree = "<group>";
		};
/* End PBXGroup section */

/* Begin PBXNativeTarget section */
		4B3733E42AD458B30025EE66 /* alfaios_lec */ = {
			isa = PBXNativeTarget;
			buildConfigurationList = 4B37340F2AD458B50025EE66 /* Build configuration list for PBXNativeTarget "alfaios_lec" */;
			buildPhases = (
				4B3733E12AD458B30025EE66 /* Sources */,
				4B3733E22AD458B30025EE66 /* Frameworks */,
				4B3733E32AD458B30025EE66 /* Resources */,
			);
			buildRules = (
			);
			dependencies = (
			);
			name = alfaios_lec;
			productName = alfaios_lec;
			productReference = 4B3733E52AD458B30025EE66 /* alfaios_lec.app */;
			productType = "com.apple.product-type.application";
		};
		4B3733FA2AD458B50025EE66 /* alfaios_lecTests */ = {
			isa = PBXNativeTarget;
			buildConfigurationList = 4B3734122AD458B50025EE66 /* Build configuration list for PBXNativeTarget "alfaios_lecTests" */;
			buildPhases = (
				4B3733F72AD458B50025EE66 /* Sources */,
				4B3733F82AD458B50025EE66 /* Frameworks */,
				4B3733F92AD458B50025EE66 /* Resources */,
			);
			buildRules = (
			);
			dependencies = (
				4B3733FD2AD458B50025EE66 /* PBXTargetDependency */,
			);
			name = alfaios_lecTests;
			productName = alfaios_lecTests;
			productReference = 4B3733FB2AD458B50025EE66 /* alfaios_lecTests.xctest */;
			productType = "com.apple.product-type.bundle.unit-test";
		};
		4B3734042AD458B50025EE66 /* alfaios_lecUITests */ = {
			isa = PBXNativeTarget;
			buildConfigurationList = 4B3734152AD458B50025EE66 /* Build configuration list for PBXNativeTarget "alfaios_lecUITests" */;
			buildPhases = (
				4B3734012AD458B50025EE66 /* Sources */,
				4B3734022AD458B50025EE66 /* Frameworks */,
				4B3734032AD458B50025EE66 /* Resources */,
			);
			buildRules = (
			);
			dependencies = (
				4B3734072AD458B50025EE66 /* PBXTargetDependency */,
			);
			name = alfaios_lecUITests;
			productName = alfaios_lecUITests;
			productReference = 4B3734052AD458B50025EE66 /* alfaios_lecUITests.xctest */;
			productType = "com.apple.product-type.bundle.ui-testing";
		};
/* End PBXNativeTarget section */

/* Begin PBXProject section */
		4B3733DD2AD458B30025EE66 /* Project object */ = {
			isa = PBXProject;
			attributes = {
				BuildIndependentTargetsInParallel = 1;
				LastSwiftUpdateCheck = 1500;
				LastUpgradeCheck = 1500;
				TargetAttributes = {
					4B3733E42AD458B30025EE66 = {
						CreatedOnToolsVersion = 15.0;
					};
					4B3733FA2AD458B50025EE66 = {
						CreatedOnToolsVersion = 15.0;
						TestTargetID = 4B3733E42AD458B30025EE66;
					};
					4B3734042AD458B50025EE66 = {
						CreatedOnToolsVersion = 15.0;
						TestTargetID = 4B3733E42AD458B30025EE66;
					};
				};
			};
			buildConfigurationList = 4B3733E02AD458B30025EE66 /* Build configuration list for PBXProject "alfaios_lec" */;
			compatibilityVersion = "Xcode 14.0";
			developmentRegion = en;
			hasScannedForEncodings = 0;
			knownRegions = (
				en,
				Base,
			);
			mainGroup = 4B3733DC2AD458B30025EE66;
			productRefGroup = 4B3733E62AD458B30025EE66 /* Products */;
			projectDirPath = "";
			projectRoot = "";
			targets = (
				4B3733E42AD458B30025EE66 /* alfaios_lec */,
				4B3733FA2AD458B50025EE66 /* alfaios_lecTests */,
				4B3734042AD458B50025EE66 /* alfaios_lecUITests */,
			);
		};
/* End PBXProject section */

/* Begin PBXResourcesBuildPhase section */
		4B3733E32AD458B30025EE66 /* Resources */ = {
			isa = PBXResourcesBuildPhase;
			buildActionMask = 2147483647;
			files = (
				4B3733F52AD458B50025EE66 /* LaunchScreen.storyboard in Resources */,
				4B3733F22AD458B50025EE66 /* Assets.xcassets in Resources */,
				4B3733F02AD458B30025EE66 /* Main.storyboard in Resources */,
			);
			runOnlyForDeploymentPostprocessing = 0;
		};
		4B3733F92AD458B50025EE66 /* Resources */ = {
			isa = PBXResourcesBuildPhase;
			buildActionMask = 2147483647;
			files = (
			);
			runOnlyForDeploymentPostprocessing = 0;
		};
		4B3734032AD458B50025EE66 /* Resources */ = {
			isa = PBXResourcesBuildPhase;
			buildActionMask = 2147483647;
			files = (
			);
			runOnlyForDeploymentPostprocessing = 0;
		};
/* End PBXResourcesBuildPhase section */

/* Begin PBXSourcesBuildPhase section */
		4B3733E12AD458B30025EE66 /* Sources */ = {
			isa = PBXSourcesBuildPhase;
			buildActionMask = 2147483647;
			files = (
				4B3733ED2AD458B30025EE66 /* ViewController.swift in Sources */,
				4B3733E92AD458B30025EE66 /* AppDelegate.swift in Sources */,
				4B3733EB2AD458B30025EE66 /* SceneDelegate.swift in Sources */,
			);
			runOnlyForDeploymentPostprocessing = 0;
		};
		4B3733F72AD458B50025EE66 /* Sources */ = {
			isa = PBXSourcesBuildPhase;
			buildActionMask = 2147483647;
			files = (
				4B3734002AD458B50025EE66 /* alfaios_lecTests.swift in Sources */,
			);
			runOnlyForDeploymentPostprocessing = 0;
		};
		4B3734012AD458B50025EE66 /* Sources */ = {
			isa = PBXSourcesBuildPhase;
			buildActionMask = 2147483647;
			files = (
				4B37340A2AD458B50025EE66 /* alfaios_lecUITests.swift in Sources */,
				4B37340C2AD458B50025EE66 /* alfaios_lecUITestsLaunchTests.swift in Sources */,
			);
			runOnlyForDeploymentPostprocessing = 0;
		};
/* End PBXSourcesBuildPhase section */

/* Begin PBXTargetDependency section */
		4B3733FD2AD458B50025EE66 /* PBXTargetDependency */ = {
			isa = PBXTargetDependency;
			target = 4B3733E42AD458B30025EE66 /* alfaios_lec */;
			targetProxy = 4B3733FC2AD458B50025EE66 /* PBXContainerItemProxy */;
		};
		4B3734072AD458B50025EE66 /* PBXTargetDependency */ = {
			isa = PBXTargetDependency;
			target = 4B3733E42AD458B30025EE66 /* alfaios_lec */;
			targetProxy = 4B3734062AD458B50025EE66 /* PBXContainerItemProxy */;
		};
/* End PBXTargetDependency section */

/* Begin PBXVariantGroup section */
		4B3733EE2AD458B30025EE66 /* Main.storyboard */ = {
			isa = PBXVariantGroup;
			children = (
				4B3733EF2AD458B30025EE66 /* Base */,
			);
			name = Main.storyboard;
			sourceTree = "<group>";
		};
		4B3733F32AD458B50025EE66 /* LaunchScreen.storyboard */ = {
			isa = PBXVariantGroup;
			children = (
				4B3733F42AD458B50025EE66 /* Base */,
			);
			name = LaunchScreen.storyboard;
			sourceTree = "<group>";
		};
/* End PBXVariantGroup section */

/* Begin XCBuildConfiguration section */
		4B37340D2AD458B50025EE66 /* Debug */ = {
			isa = XCBuildConfiguration;
			buildSettings = {
				ALWAYS_SEARCH_USER_PATHS = NO;
				ASSETCATALOG_COMPILER_GENERATE_SWIFT_ASSET_SYMBOL_EXTENSIONS = YES;
				CLANG_ANALYZER_NONNULL = YES;
				CLANG_ANALYZER_NUMBER_OBJECT_CONVERSION = YES_AGGRESSIVE;
				CLANG_CXX_LANGUAGE_STANDARD = "gnu++20";
				CLANG_ENABLE_MODULES = YES;
				CLANG_ENABLE_OBJC_ARC = YES;
				CLANG_ENABLE_OBJC_WEAK = YES;
				CLANG_WARN_BLOCK_CAPTURE_AUTORELEASING = YES;
				CLANG_WARN_BOOL_CONVERSION = YES;
				CLANG_WARN_COMMA = YES;
				CLANG_WARN_CONSTANT_CONVERSION = YES;
				CLANG_WARN_DEPRECATED_OBJC_IMPLEMENTATIONS = YES;
				CLANG_WARN_DIRECT_OBJC_ISA_USAGE = YES_ERROR;
				CLANG_WARN_DOCUMENTATION_COMMENTS = YES;
				CLANG_WARN_EMPTY_BODY = YES;
				CLANG_WARN_ENUM_CONVERSION = YES;
				CLANG_WARN_INFINITE_RECURSION = YES;
				CLANG_WARN_INT_CONVERSION = YES;
				CLANG_WARN_NON_LITERAL_NULL_CONVERSION = YES;
				CLANG_WARN_OBJC_IMPLICIT_RETAIN_SELF = YES;
				CLANG_WARN_OBJC_LITERAL_CONVERSION = YES;
				CLANG_WARN_OBJC_ROOT_CLASS = YES_ERROR;
				CLANG_WARN_QUOTED_INCLUDE_IN_FRAMEWORK_HEADER = YES;
				CLANG_WARN_RANGE_LOOP_ANALYSIS = YES;
				CLANG_WARN_STRICT_PROTOTYPES = YES;
				CLANG_WARN_SUSPICIOUS_MOVE = YES;
				CLANG_WARN_UNGUARDED_AVAILABILITY = YES_AGGRESSIVE;
				CLANG_WARN_UNREACHABLE_CODE = YES;
				CLANG_WARN__DUPLICATE_METHOD_MATCH = YES;
				COPY_PHASE_STRIP = NO;
				DEBUG_INFORMATION_FORMAT = dwarf;
				ENABLE_STRICT_OBJC_MSGSEND = YES;
				ENABLE_TESTABILITY = YES;
				ENABLE_USER_SCRIPT_SANDBOXING = YES;
				GCC_C_LANGUAGE_STANDARD = gnu17;
				GCC_DYNAMIC_NO_PIC = NO;
				GCC_NO_COMMON_BLOCKS = YES;
				GCC_OPTIMIZATION_LEVEL = 0;
				GCC_PREPROCESSOR_DEFINITIONS = (
					"DEBUG=1",
					"$(inherited)",
				);
				GCC_WARN_64_TO_32_BIT_CONVERSION = YES;
				GCC_WARN_ABOUT_RETURN_TYPE = YES_ERROR;
				GCC_WARN_UNDECLARED_SELECTOR = YES;
				GCC_WARN_UNINITIALIZED_AUTOS = YES_AGGRESSIVE;
				GCC_WARN_UNUSED_FUNCTION = YES;
				GCC_WARN_UNUSED_VARIABLE = YES;
				IPHONEOS_DEPLOYMENT_TARGET = 17.0;
				LOCALIZATION_PREFERS_STRING_CATALOGS = YES;
				MTL_ENABLE_DEBUG_INFO = INCLUDE_SOURCE;
				MTL_FAST_MATH = YES;
				ONLY_ACTIVE_ARCH = YES;
				SDKROOT = iphoneos;
				SWIFT_ACTIVE_COMPILATION_CONDITIONS = "DEBUG $(inherited)";
				SWIFT_OPTIMIZATION_LEVEL = "-Onone";
			};
			name = Debug;
		};
		4B37340E2AD458B50025EE66 /* Release */ = {
			isa = XCBuildConfiguration;
			buildSettings = {
				ALWAYS_SEARCH_USER_PATHS = NO;
				ASSETCATALOG_COMPILER_GENERATE_SWIFT_ASSET_SYMBOL_EXTENSIONS = YES;
				CLANG_ANALYZER_NONNULL = YES;
				CLANG_ANALYZER_NUMBER_OBJECT_CONVERSION = YES_AGGRESSIVE;
				CLANG_CXX_LANGUAGE_STANDARD = "gnu++20";
				CLANG_ENABLE_MODULES = YES;
				CLANG_ENABLE_OBJC_ARC = YES;
				CLANG_ENABLE_OBJC_WEAK = YES;
				CLANG_WARN_BLOCK_CAPTURE_AUTORELEASING = YES;
				CLANG_WARN_BOOL_CONVERSION = YES;
				CLANG_WARN_COMMA = YES;
				CLANG_WARN_CONSTANT_CONVERSION = YES;
				CLANG_WARN_DEPRECATED_OBJC_IMPLEMENTATIONS = YES;
				CLANG_WARN_DIRECT_OBJC_ISA_USAGE = YES_ERROR;
				CLANG_WARN_DOCUMENTATION_COMMENTS = YES;
				CLANG_WARN_EMPTY_BODY = YES;
				CLANG_WARN_ENUM_CONVERSION = YES;
				CLANG_WARN_INFINITE_RECURSION = YES;
				CLANG_WARN_INT_CONVERSION = YES;
				CLANG_WARN_NON_LITERAL_NULL_CONVERSION = YES;
				CLANG_WARN_OBJC_IMPLICIT_RETAIN_SELF = YES;
				CLANG_WARN_OBJC_LITERAL_CONVERSION = YES;
				CLANG_WARN_OBJC_ROOT_CLASS = YES_ERROR;
				CLANG_WARN_QUOTED_INCLUDE_IN_FRAMEWORK_HEADER = YES;
				CLANG_WARN_RANGE_LOOP_ANALYSIS = YES;
				CLANG_WARN_STRICT_PROTOTYPES = YES;
				CLANG_WARN_SUSPICIOUS_MOVE = YES;
				CLANG_WARN_UNGUARDED_AVAILABILITY = YES_AGGRESSIVE;
				CLANG_WARN_UNREACHABLE_CODE = YES;
				CLANG_WARN__DUPLICATE_METHOD_MATCH = YES;
				COPY_PHASE_STRIP = NO;
				DEBUG_INFORMATION_FORMAT = "dwarf-with-dsym";
				ENABLE_NS_ASSERTIONS = NO;
				ENABLE_STRICT_OBJC_MSGSEND = YES;
				ENABLE_USER_SCRIPT_SANDBOXING = YES;
				GCC_C_LANGUAGE_STANDARD = gnu17;
				GCC_NO_COMMON_BLOCKS = YES;
				GCC_WARN_64_TO_32_BIT_CONVERSION = YES;
				GCC_WARN_ABOUT_RETURN_TYPE = YES_ERROR;
				GCC_WARN_UNDECLARED_SELECTOR = YES;
				GCC_WARN_UNINITIALIZED_AUTOS = YES_AGGRESSIVE;
				GCC_WARN_UNUSED_FUNCTION = YES;
				GCC_WARN_UNUSED_VARIABLE = YES;
				IPHONEOS_DEPLOYMENT_TARGET = 17.0;
				LOCALIZATION_PREFERS_STRING_CATALOGS = YES;
				MTL_ENABLE_DEBUG_INFO = NO;
				MTL_FAST_MATH = YES;
				SDKROOT = iphoneos;
				SWIFT_COMPILATION_MODE = wholemodule;
				VALIDATE_PRODUCT = YES;
			};
			name = Release;
		};
		4B3734102AD458B50025EE66 /* Debug */ = {
			isa = XCBuildConfiguration;
			buildSettings = {
				ASSETCATALOG_COMPILER_APPICON_NAME = AppIcon;
				ASSETCATALOG_COMPILER_GLOBAL_ACCENT_COLOR_NAME = AccentColor;
				CODE_SIGN_STYLE = Automatic;
				CURRENT_PROJECT_VERSION = 1;
				DEVELOPMENT_TEAM = H2TP6HUF49;
				GENERATE_INFOPLIST_FILE = YES;
				INFOPLIST_FILE = alfaios_lec/Info.plist;
				INFOPLIST_KEY_UIApplicationSupportsIndirectInputEvents = YES;
				INFOPLIST_KEY_UILaunchStoryboardName = LaunchScreen;
				INFOPLIST_KEY_UIMainStoryboardFile = Main;
				INFOPLIST_KEY_UISupportedInterfaceOrientations_iPad = "UIInterfaceOrientationPortrait UIInterfaceOrientationPortraitUpsideDown UIInterfaceOrientationLandscapeLeft UIInterfaceOrientationLandscapeRight";
				INFOPLIST_KEY_UISupportedInterfaceOrientations_iPhone = "UIInterfaceOrientationPortrait UIInterfaceOrientationLandscapeLeft UIInterfaceOrientationLandscapeRight";
				LD_RUNPATH_SEARCH_PATHS = (
					"$(inherited)",
					"@executable_path/Frameworks",
				);
				MARKETING_VERSION = 1.0;
				PRODUCT_BUNDLE_IDENTIFIER = "alfaios.alfaios-lec";
				PRODUCT_NAME = "$(TARGET_NAME)";
				SWIFT_EMIT_LOC_STRINGS = YES;
				SWIFT_VERSION = 5.0;
				TARGETED_DEVICE_FAMILY = "1,2";
			};
			name = Debug;
		};
		4B3734112AD458B50025EE66 /* Release */ = {
			isa = XCBuildConfiguration;
			buildSettings = {
				ASSETCATALOG_COMPILER_APPICON_NAME = AppIcon;
				ASSETCATALOG_COMPILER_GLOBAL_ACCENT_COLOR_NAME = AccentColor;
				CODE_SIGN_STYLE = Automatic;
				CURRENT_PROJECT_VERSION = 1;
				DEVELOPMENT_TEAM = H2TP6HUF49;
				GENERATE_INFOPLIST_FILE = YES;
				INFOPLIST_FILE = alfaios_lec/Info.plist;
				INFOPLIST_KEY_UIApplicationSupportsIndirectInputEvents = YES;
				INFOPLIST_KEY_UILaunchStoryboardName = LaunchScreen;
				INFOPLIST_KEY_UIMainStoryboardFile = Main;
				INFOPLIST_KEY_UISupportedInterfaceOrientations_iPad = "UIInterfaceOrientationPortrait UIInterfaceOrientationPortraitUpsideDown UIInterfaceOrientationLandscapeLeft UIInterfaceOrientationLandscapeRight";
				INFOPLIST_KEY_UISupportedInterfaceOrientations_iPhone = "UIInterfaceOrientationPortrait UIInterfaceOrientationLandscapeLeft UIInterfaceOrientationLandscapeRight";
				LD_RUNPATH_SEARCH_PATHS = (
					"$(inherited)",
					"@executable_path/Frameworks",
				);
				MARKETING_VERSION = 1.0;
				PRODUCT_BUNDLE_IDENTIFIER = "alfaios.alfaios-lec";
				PRODUCT_NAME = "$(TARGET_NAME)";
				SWIFT_EMIT_LOC_STRINGS = YES;
				SWIFT_VERSION = 5.0;
				TARGETED_DEVICE_FAMILY = "1,2";
			};
			name = Release;
		};
		4B3734132AD458B50025EE66 /* Debug */ = {
			isa = XCBuildConfiguration;
			buildSettings = {
				ALWAYS_EMBED_SWIFT_STANDARD_LIBRARIES = YES;
				BUNDLE_LOADER = "$(TEST_HOST)";
				CODE_SIGN_STYLE = Automatic;
				CURRENT_PROJECT_VERSION = 1;
				DEVELOPMENT_TEAM = H2TP6HUF49;
				GENERATE_INFOPLIST_FILE = YES;
				IPHONEOS_DEPLOYMENT_TARGET = 17.0;
				MARKETING_VERSION = 1.0;
				PRODUCT_BUNDLE_IDENTIFIER = "alfaios.alfaios-lecTests";
				PRODUCT_NAME = "$(TARGET_NAME)";
				SWIFT_EMIT_LOC_STRINGS = NO;
				SWIFT_VERSION = 5.0;
				TARGETED_DEVICE_FAMILY = "1,2";
				TEST_HOST = "$(BUILT_PRODUCTS_DIR)/alfaios_lec.app/$(BUNDLE_EXECUTABLE_FOLDER_PATH)/alfaios_lec";
			};
			name = Debug;
		};
		4B3734142AD458B50025EE66 /* Release */ = {
			isa = XCBuildConfiguration;
			buildSettings = {
				ALWAYS_EMBED_SWIFT_STANDARD_LIBRARIES = YES;
				BUNDLE_LOADER = "$(TEST_HOST)";
				CODE_SIGN_STYLE = Automatic;
				CURRENT_PROJECT_VERSION = 1;
				DEVELOPMENT_TEAM = H2TP6HUF49;
				GENERATE_INFOPLIST_FILE = YES;
				IPHONEOS_DEPLOYMENT_TARGET = 17.0;
				MARKETING_VERSION = 1.0;
				PRODUCT_BUNDLE_IDENTIFIER = "alfaios.alfaios-lecTests";
				PRODUCT_NAME = "$(TARGET_NAME)";
				SWIFT_EMIT_LOC_STRINGS = NO;
				SWIFT_VERSION = 5.0;
				TARGETED_DEVICE_FAMILY = "1,2";
				TEST_HOST = "$(BUILT_PRODUCTS_DIR)/alfaios_lec.app/$(BUNDLE_EXECUTABLE_FOLDER_PATH)/alfaios_lec";
			};
			name = Release;
		};
		4B3734162AD458B50025EE66 /* Debug */ = {
			isa = XCBuildConfiguration;
			buildSettings = {
				ALWAYS_EMBED_SWIFT_STANDARD_LIBRARIES = YES;
				CODE_SIGN_STYLE = Automatic;
				CURRENT_PROJECT_VERSION = 1;
				DEVELOPMENT_TEAM = H2TP6HUF49;
				GENERATE_INFOPLIST_FILE = YES;
				MARKETING_VERSION = 1.0;
				PRODUCT_BUNDLE_IDENTIFIER = "alfaios.alfaios-lecUITests";
				PRODUCT_NAME = "$(TARGET_NAME)";
				SWIFT_EMIT_LOC_STRINGS = NO;
				SWIFT_VERSION = 5.0;
				TARGETED_DEVICE_FAMILY = "1,2";
				TEST_TARGET_NAME = alfaios_lec;
			};
			name = Debug;
		};
		4B3734172AD458B50025EE66 /* Release */ = {
			isa = XCBuildConfiguration;
			buildSettings = {
				ALWAYS_EMBED_SWIFT_STANDARD_LIBRARIES = YES;
				CODE_SIGN_STYLE = Automatic;
				CURRENT_PROJECT_VERSION = 1;
				DEVELOPMENT_TEAM = H2TP6HUF49;
				GENERATE_INFOPLIST_FILE = YES;
				MARKETING_VERSION = 1.0;
				PRODUCT_BUNDLE_IDENTIFIER = "alfaios.alfaios-lecUITests";
				PRODUCT_NAME = "$(TARGET_NAME)";
				SWIFT_EMIT_LOC_STRINGS = NO;
				SWIFT_VERSION = 5.0;
				TARGETED_DEVICE_FAMILY = "1,2";
				TEST_TARGET_NAME = alfaios_lec;
			};
			name = Release;
		};
/* End XCBuildConfiguration section */

/* Begin XCConfigurationList section */
		4B3733E02AD458B30025EE66 /* Build configuration list for PBXProject "alfaios_lec" */ = {
			isa = XCConfigurationList;
			buildConfigurations = (
				4B37340D2AD458B50025EE66 /* Debug */,
				4B37340E2AD458B50025EE66 /* Release */,
			);
			defaultConfigurationIsVisible = 0;
			defaultConfigurationName = Release;
		};
		4B37340F2AD458B50025EE66 /* Build configuration list for PBXNativeTarget "alfaios_lec" */ = {
			isa = XCConfigurationList;
			buildConfigurations = (
				4B3734102AD458B50025EE66 /* Debug */,
				4B3734112AD458B50025EE66 /* Release */,
			);
			defaultConfigurationIsVisible = 0;
			defaultConfigurationName = Release;
		};
		4B3734122AD458B50025EE66 /* Build configuration list for PBXNativeTarget "alfaios_lecTests" */ = {
			isa = XCConfigurationList;
			buildConfigurations = (
				4B3734132AD458B50025EE66 /* Debug */,
				4B3734142AD458B50025EE66 /* Release */,
			);
			defaultConfigurationIsVisible = 0;
			defaultConfigurationName = Release;
		};
		4B3734152AD458B50025EE66 /* Build configuration list for PBXNativeTarget "alfaios_lecUITests" */ = {
			isa = XCConfigurationList;
			buildConfigurations = (
				4B3734162AD458B50025EE66 /* Debug */,
				4B3734172AD458B50025EE66 /* Release */,
			);
			defaultConfigurationIsVisible = 0;
			defaultConfigurationName = Release;
		};
/* End XCConfigurationList section */
	};
	rootObject = 4B3733DD2AD458B30025EE66 /* Project object */;
}
